
Microsoft Visual Studio Solution File, Format Version 12.00
# Visual Studio Version 17
VisualStudioVersion = 17.1.32319.34
MinimumVisualStudioVersion = 10.0.40219.1
Project("{9A19103F-16F7-4668-BE54-9A1E7A4F7556}") = "CodingWithCalvin.NETStandardInExample.Console", "src\CodingWithCalvin.NETStandardInExample.Console\CodingWithCalvin.NETStandardInExample.Console.csproj", "{CDB62630-29B8-455D-AE8B-3FAB729D4839}"
EndProject
Global
	GlobalSection(SolutionConfigurationPlatforms) = preSolution
		Debug|Any CPU = Debug|Any CPU
		Release|Any CPU = Release|Any CPU
	EndGlobalSection
	GlobalSection(ProjectConfigurationPlatforms) = postSolution
		{CDB62630-29B8-455D-AE8B-3FAB729D4839}.Debug|Any CPU.ActiveCfg = Debug|Any CPU
		{CDB62630-29B8-455D-AE8B-3FAB729D4839}.Debug|Any CPU.Build.0 = Debug|Any CPU
		{CDB62630-29B8-455D-AE8B-3FAB729D4839}.Release|Any CPU.ActiveCfg = Release|Any CPU
		{CDB62630-29B8-455D-AE8B-3FAB729D4839}.Release|Any CPU.Build.0 = Release|Any CPU
	EndGlobalSection
	GlobalSection(SolutionProperties) = preSolution
		HideSolutionNode = FALSE
	EndGlobalSection
	GlobalSection(ExtensibilityGlobals) = postSolution
		SolutionGuid = {1AC6EFF7-0D14-400D-BA69-6B4B5316B316}
	EndGlobalSection
EndGlobal
